
Microsoft Visual Studio Solution File, Format Version 12.00
# Visual Studio Version 16
VisualStudioVersion = 16.0.32802.440
MinimumVisualStudioVersion = 10.0.40219.1
Project("{FAE04EC0-301F-11D3-BF4B-00C04F79EFBC}") = "Day2Pri", "Day2Pri\Day2Pri.csproj", "{72315AA2-8378-43A3-9DA3-D55B369E6A9A}"
EndProject
Global
	GlobalSection(SolutionConfigurationPlatforms) = preSolution
		Debug|Any CPU = Debug|Any CPU
		Release|Any CPU = Release|Any CPU
	EndGlobalSection
	GlobalSection(ProjectConfigurationPlatforms) = postSolution
		{72315AA2-8378-43A3-9DA3-D55B369E6A9A}.Debug|Any CPU.ActiveCfg = Debug|Any CPU
		{72315AA2-8378-43A3-9DA3-D55B369E6A9A}.Debug|Any CPU.Build.0 = Debug|Any CPU
		{72315AA2-8378-43A3-9DA3-D55B369E6A9A}.Release|Any CPU.ActiveCfg = Release|Any CPU
		{72315AA2-8378-43A3-9DA3-D55B369E6A9A}.Release|Any CPU.Build.0 = Release|Any CPU
	EndGlobalSection
	GlobalSection(SolutionProperties) = preSolution
		HideSolutionNode = FALSE
	EndGlobalSection
	GlobalSection(ExtensibilityGlobals) = postSolution
		SolutionGuid = {1898B674-B572-410F-B65F-8EFF7D394EA9}
	EndGlobalSection
EndGlobal
