
Microsoft Visual Studio Solution File, Format Version 12.00
# Visual Studio Version 16
VisualStudioVersion = 16.0.32802.440
MinimumVisualStudioVersion = 10.0.40219.1
Project("{FAE04EC0-301F-11D3-BF4B-00C04F79EFBC}") = "Day2", "Day2\Day2.csproj", "{7F2EEFAD-E85F-4729-AFD3-2E97ACD62D34}"
EndProject
Global
	GlobalSection(SolutionConfigurationPlatforms) = preSolution
		Debug|Any CPU = Debug|Any CPU
		Release|Any CPU = Release|Any CPU
	EndGlobalSection
	GlobalSection(ProjectConfigurationPlatforms) = postSolution
		{7F2EEFAD-E85F-4729-AFD3-2E97ACD62D34}.Debug|Any CPU.ActiveCfg = Debug|Any CPU
		{7F2EEFAD-E85F-4729-AFD3-2E97ACD62D34}.Debug|Any CPU.Build.0 = Debug|Any CPU
		{7F2EEFAD-E85F-4729-AFD3-2E97ACD62D34}.Release|Any CPU.ActiveCfg = Release|Any CPU
		{7F2EEFAD-E85F-4729-AFD3-2E97ACD62D34}.Release|Any CPU.Build.0 = Release|Any CPU
	EndGlobalSection
	GlobalSection(SolutionProperties) = preSolution
		HideSolutionNode = FALSE
	EndGlobalSection
	GlobalSection(ExtensibilityGlobals) = postSolution
		SolutionGuid = {914FEF96-0873-4F8A-95B7-E8E21D2727DD}
	EndGlobalSection
EndGlobal
