
Microsoft Visual Studio Solution File, Format Version 12.00
# Visual Studio Version 16
VisualStudioVersion = 16.0.32802.440
MinimumVisualStudioVersion = 10.0.40219.1
Project("{FAE04EC0-301F-11D3-BF4B-00C04F79EFBC}") = "IT", "IT\IT.csproj", "{28F6F8C5-2C30-4B06-91E8-47A637A6E067}"
EndProject
Global
	GlobalSection(SolutionConfigurationPlatforms) = preSolution
		Debug|Any CPU = Debug|Any CPU
		Release|Any CPU = Release|Any CPU
	EndGlobalSection
	GlobalSection(ProjectConfigurationPlatforms) = postSolution
		{28F6F8C5-2C30-4B06-91E8-47A637A6E067}.Debug|Any CPU.ActiveCfg = Debug|Any CPU
		{28F6F8C5-2C30-4B06-91E8-47A637A6E067}.Debug|Any CPU.Build.0 = Debug|Any CPU
		{28F6F8C5-2C30-4B06-91E8-47A637A6E067}.Release|Any CPU.ActiveCfg = Release|Any CPU
		{28F6F8C5-2C30-4B06-91E8-47A637A6E067}.Release|Any CPU.Build.0 = Release|Any CPU
	EndGlobalSection
	GlobalSection(SolutionProperties) = preSolution
		HideSolutionNode = FALSE
	EndGlobalSection
	GlobalSection(ExtensibilityGlobals) = postSolution
		SolutionGuid = {2D628D02-3B5E-41B7-90A0-5D66B26AC04B}
	EndGlobalSection
EndGlobal
