
Microsoft Visual Studio Solution File, Format Version 12.00
# Visual Studio Version 16
VisualStudioVersion = 16.0.32802.440
MinimumVisualStudioVersion = 10.0.40219.1
Project("{FAE04EC0-301F-11D3-BF4B-00C04F79EFBC}") = "MyDemo", "MyDemo\MyDemo.csproj", "{097DB4A3-FA88-4294-A2D7-B93FFF2FA126}"
EndProject
Global
	GlobalSection(SolutionConfigurationPlatforms) = preSolution
		Debug|Any CPU = Debug|Any CPU
		Release|Any CPU = Release|Any CPU
	EndGlobalSection
	GlobalSection(ProjectConfigurationPlatforms) = postSolution
		{097DB4A3-FA88-4294-A2D7-B93FFF2FA126}.Debug|Any CPU.ActiveCfg = Debug|Any CPU
		{097DB4A3-FA88-4294-A2D7-B93FFF2FA126}.Debug|Any CPU.Build.0 = Debug|Any CPU
		{097DB4A3-FA88-4294-A2D7-B93FFF2FA126}.Release|Any CPU.ActiveCfg = Release|Any CPU
		{097DB4A3-FA88-4294-A2D7-B93FFF2FA126}.Release|Any CPU.Build.0 = Release|Any CPU
	EndGlobalSection
	GlobalSection(SolutionProperties) = preSolution
		HideSolutionNode = FALSE
	EndGlobalSection
	GlobalSection(ExtensibilityGlobals) = postSolution
		SolutionGuid = {8A8D7BFD-2155-4703-B87B-1A209B5D8B33}
	EndGlobalSection
EndGlobal
