
Microsoft Visual Studio Solution File, Format Version 12.00
# Visual Studio Version 16
VisualStudioVersion = 16.0.32802.440
MinimumVisualStudioVersion = 10.0.40219.1
Project("{FAE04EC0-301F-11D3-BF4B-00C04F79EFBC}") = "PracticeDll", "PracticeDll\PracticeDll.csproj", "{909FAB38-04E6-47CF-A5ED-D2D768D42711}"
EndProject
Global
	GlobalSection(SolutionConfigurationPlatforms) = preSolution
		Debug|Any CPU = Debug|Any CPU
		Release|Any CPU = Release|Any CPU
	EndGlobalSection
	GlobalSection(ProjectConfigurationPlatforms) = postSolution
		{909FAB38-04E6-47CF-A5ED-D2D768D42711}.Debug|Any CPU.ActiveCfg = Debug|Any CPU
		{909FAB38-04E6-47CF-A5ED-D2D768D42711}.Debug|Any CPU.Build.0 = Debug|Any CPU
		{909FAB38-04E6-47CF-A5ED-D2D768D42711}.Release|Any CPU.ActiveCfg = Release|Any CPU
		{909FAB38-04E6-47CF-A5ED-D2D768D42711}.Release|Any CPU.Build.0 = Release|Any CPU
	EndGlobalSection
	GlobalSection(SolutionProperties) = preSolution
		HideSolutionNode = FALSE
	EndGlobalSection
	GlobalSection(ExtensibilityGlobals) = postSolution
		SolutionGuid = {0AFDB293-5BB6-4EFD-96E3-A8D52B6B894F}
	EndGlobalSection
EndGlobal
