
Microsoft Visual Studio Solution File, Format Version 12.00
# Visual Studio Version 16
VisualStudioVersion = 16.0.32802.440
MinimumVisualStudioVersion = 10.0.40219.1
Project("{FAE04EC0-301F-11D3-BF4B-00C04F79EFBC}") = "StackQue", "StackQue\StackQue.csproj", "{360AEC95-7BA1-44AE-A20C-0F196B75C3E2}"
EndProject
Global
	GlobalSection(SolutionConfigurationPlatforms) = preSolution
		Debug|Any CPU = Debug|Any CPU
		Release|Any CPU = Release|Any CPU
	EndGlobalSection
	GlobalSection(ProjectConfigurationPlatforms) = postSolution
		{360AEC95-7BA1-44AE-A20C-0F196B75C3E2}.Debug|Any CPU.ActiveCfg = Debug|Any CPU
		{360AEC95-7BA1-44AE-A20C-0F196B75C3E2}.Debug|Any CPU.Build.0 = Debug|Any CPU
		{360AEC95-7BA1-44AE-A20C-0F196B75C3E2}.Release|Any CPU.ActiveCfg = Release|Any CPU
		{360AEC95-7BA1-44AE-A20C-0F196B75C3E2}.Release|Any CPU.Build.0 = Release|Any CPU
	EndGlobalSection
	GlobalSection(SolutionProperties) = preSolution
		HideSolutionNode = FALSE
	EndGlobalSection
	GlobalSection(ExtensibilityGlobals) = postSolution
		SolutionGuid = {95758901-7336-412C-B4F0-46DE0F5263E8}
	EndGlobalSection
EndGlobal
